// !$*UTF8*$!
{
	archiveVersion = 1;
	classes = {
	};
	objectVersion = 46;
	objects = {

/* Begin PBXBuildFile section */
		2A1F64FC1D929115D1D62C43 /* libPods.a in Frameworks */ = {isa = PBXBuildFile; fileRef = 33A0A230CA7E09176122CFA4 /* libPods.a */; };
		5C7C5EDA1CF2A435007697F0 /* main.m in Sources */ = {isa = PBXBuildFile; fileRef = 5C7C5ED91CF2A435007697F0 /* main.m */; };
		5C7C5EDD1CF2A435007697F0 /* AppDelegate.m in Sources */ = {isa = PBXBuildFile; fileRef = 5C7C5EDC1CF2A435007697F0 /* AppDelegate.m */; };
		5C7C5EE01CF2A435007697F0 /* ViewController.m in Sources */ = {isa = PBXBuildFile; fileRef = 5C7C5EDF1CF2A435007697F0 /* ViewController.m */; };
		5C7C5EE31CF2A435007697F0 /* Main.storyboard in Resources */ = {isa = PBXBuildFile; fileRef = 5C7C5EE11CF2A435007697F0 /* Main.storyboard */; };
		5C7C5EE51CF2A435007697F0 /* Assets.xcassets in Resources */ = {isa = PBXBuildFile; fileRef = 5C7C5EE41CF2A435007697F0 /* Assets.xcassets */; };
		5C7C5EE81CF2A435007697F0 /* LaunchScreen.storyboard in Resources */ = {isa = PBXBuildFile; fileRef = 5C7C5EE61CF2A435007697F0 /* LaunchScreen.storyboard */; };
		5C7C5EF31CF2A435007697F0 /* JYDownLoadTests.m in Sources */ = {isa = PBXBuildFile; fileRef = 5C7C5EF21CF2A435007697F0 /* JYDownLoadTests.m */; };
		5C7C5EFE1CF2A435007697F0 /* JYDownLoadUITests.m in Sources */ = {isa = PBXBuildFile; fileRef = 5C7C5EFD1CF2A435007697F0 /* JYDownLoadUITests.m */; };
		5CA6426A1CF2DA51000969B3 /* NSString+JYCategory.m in Sources */ = {isa = PBXBuildFile; fileRef = 5CA642551CF2DA51000969B3 /* NSString+JYCategory.m */; };
		5CA6426B1CF2DA51000969B3 /* JYDownloadInfo.m in Sources */ = {isa = PBXBuildFile; fileRef = 5CA642581CF2DA51000969B3 /* JYDownloadInfo.m */; };
		5CA6426C1CF2DA51000969B3 /* JYDownload.m in Sources */ = {isa = PBXBuildFile; fileRef = 5CA6425B1CF2DA51000969B3 /* JYDownload.m */; };
		5CA6426D1CF2DA51000969B3 /* JYDownloadManager.m in Sources */ = {isa = PBXBuildFile; fileRef = 5CA6425E1CF2DA51000969B3 /* JYDownloadManager.m */; };
		5CA6426E1CF2DA51000969B3 /* JYFileManager.m in Sources */ = {isa = PBXBuildFile; fileRef = 5CA642601CF2DA51000969B3 /* JYFileManager.m */; };
		5CA6426F1CF2DA51000969B3 /* JYNetWorkConfig.m in Sources */ = {isa = PBXBuildFile; fileRef = 5CA642621CF2DA51000969B3 /* JYNetWorkConfig.m */; };
/* End PBXBuildFile section */

/* Begin PBXContainerItemProxy section */
		5C7C5EEF1CF2A435007697F0 /* PBXContainerItemProxy */ = {
			isa = PBXContainerItemProxy;
			containerPortal = 5C7C5ECD1CF2A435007697F0 /* Project object */;
			proxyType = 1;
			remoteGlobalIDString = 5C7C5ED41CF2A435007697F0;
			remoteInfo = JYDownLoad;
		};
		5C7C5EFA1CF2A435007697F0 /* PBXContainerItemProxy */ = {
			isa = PBXContainerItemProxy;
			containerPortal = 5C7C5ECD1CF2A435007697F0 /* Project object */;
			proxyType = 1;
			remoteGlobalIDString = 5C7C5ED41CF2A435007697F0;
			remoteInfo = JYDownLoad;
		};
/* End PBXContainerItemProxy section */

/* Begin PBXFileReference section */
		33A0A230CA7E09176122CFA4 /* libPods.a */ = {isa = PBXFileReference; explicitFileType = archive.ar; includeInIndex = 0; path = libPods.a; sourceTree = BUILT_PRODUCTS_DIR; };
		5C7C5ED51CF2A435007697F0 /* JYDownLoad.app */ = {isa = PBXFileReference; explicitFileType = wrapper.application; includeInIndex = 0; path = JYDownLoad.app; sourceTree = BUILT_PRODUCTS_DIR; };
		5C7C5ED91CF2A435007697F0 /* main.m */ = {isa = PBXFileReference; lastKnownFileType = sourcecode.c.objc; path = main.m; sourceTree = "<group>"; };
		5C7C5EDB1CF2A435007697F0 /* AppDelegate.h */ = {isa = PBXFileReference; lastKnownFileType = sourcecode.c.h; path = AppDelegate.h; sourceTree = "<group>"; };
		5C7C5EDC1CF2A435007697F0 /* AppDelegate.m */ = {isa = PBXFileReference; lastKnownFileType = sourcecode.c.objc; path = AppDelegate.m; sourceTree = "<group>"; };
		5C7C5EDE1CF2A435007697F0 /* ViewController.h */ = {isa = PBXFileReference; lastKnownFileType = sourcecode.c.h; path = ViewController.h; sourceTree = "<group>"; };
		5C7C5EDF1CF2A435007697F0 /* ViewController.m */ = {isa = PBXFileReference; lastKnownFileType = sourcecode.c.objc; path = ViewController.m; sourceTree = "<group>"; };
		5C7C5EE21CF2A435007697F0 /* Base */ = {isa = PBXFileReference; lastKnownFileType = file.storyboard; name = Base; path = Base.lproj/Main.storyboard; sourceTree = "<group>"; };
		5C7C5EE41CF2A435007697F0 /* Assets.xcassets */ = {isa = PBXFileReference; lastKnownFileType = folder.assetcatalog; path = Assets.xcassets; sourceTree = "<group>"; };
		5C7C5EE71CF2A435007697F0 /* Base */ = {isa = PBXFileReference; lastKnownFileType = file.storyboard; name = Base; path = Base.lproj/LaunchScreen.storyboard; sourceTree = "<group>"; };
		5C7C5EE91CF2A435007697F0 /* Info.plist */ = {isa = PBXFileReference; lastKnownFileType = text.plist.xml; path = Info.plist; sourceTree = "<group>"; };
		5C7C5EEE1CF2A435007697F0 /* JYDownLoadTests.xctest */ = {isa = PBXFileReference; explicitFileType = wrapper.cfbundle; includeInIndex = 0; path = JYDownLoadTests.xctest; sourceTree = BUILT_PRODUCTS_DIR; };
		5C7C5EF21CF2A435007697F0 /* JYDownLoadTests.m */ = {isa = PBXFileReference; lastKnownFileType = sourcecode.c.objc; path = JYDownLoadTests.m; sourceTree = "<group>"; };
		5C7C5EF41CF2A435007697F0 /* Info.plist */ = {isa = PBXFileReference; lastKnownFileType = text.plist.xml; path = Info.plist; sourceTree = "<group>"; };
		5C7C5EF91CF2A435007697F0 /* JYDownLoadUITests.xctest */ = {isa = PBXFileReference; explicitFileType = wrapper.cfbundle; includeInIndex = 0; path = JYDownLoadUITests.xctest; sourceTree = BUILT_PRODUCTS_DIR; };
		5C7C5EFD1CF2A435007697F0 /* JYDownLoadUITests.m */ = {isa = PBXFileReference; lastKnownFileType = sourcecode.c.objc; path = JYDownLoadUITests.m; sourceTree = "<group>"; };
		5C7C5EFF1CF2A435007697F0 /* Info.plist */ = {isa = PBXFileReference; lastKnownFileType = text.plist.xml; path = Info.plist; sourceTree = "<group>"; };
		5CA642541CF2DA51000969B3 /* NSString+JYCategory.h */ = {isa = PBXFileReference; fileEncoding = 4; lastKnownFileType = sourcecode.c.h; path = "NSString+JYCategory.h"; sourceTree = "<group>"; };
		5CA642551CF2DA51000969B3 /* NSString+JYCategory.m */ = {isa = PBXFileReference; fileEncoding = 4; lastKnownFileType = sourcecode.c.objc; path = "NSString+JYCategory.m"; sourceTree = "<group>"; };
		5CA642571CF2DA51000969B3 /* JYDownloadInfo.h */ = {isa = PBXFileReference; fileEncoding = 4; lastKnownFileType = sourcecode.c.h; path = JYDownloadInfo.h; sourceTree = "<group>"; };
		5CA642581CF2DA51000969B3 /* JYDownloadInfo.m */ = {isa = PBXFileReference; fileEncoding = 4; lastKnownFileType = sourcecode.c.objc; lineEnding = 0; path = JYDownloadInfo.m; sourceTree = "<group>"; xcLanguageSpecificationIdentifier = xcode.lang.objc; };
		5CA6425A1CF2DA51000969B3 /* JYDownload.h */ = {isa = PBXFileReference; fileEncoding = 4; lastKnownFileType = sourcecode.c.h; path = JYDownload.h; sourceTree = "<group>"; };
		5CA6425B1CF2DA51000969B3 /* JYDownload.m */ = {isa = PBXFileReference; fileEncoding = 4; lastKnownFileType = sourcecode.c.objc; path = JYDownload.m; sourceTree = "<group>"; };
		5CA6425D1CF2DA51000969B3 /* JYDownloadManager.h */ = {isa = PBXFileReference; fileEncoding = 4; lastKnownFileType = sourcecode.c.h; path = JYDownloadManager.h; sourceTree = "<group>"; };
		5CA6425E1CF2DA51000969B3 /* JYDownloadManager.m */ = {isa = PBXFileReference; fileEncoding = 4; lastKnownFileType = sourcecode.c.objc; path = JYDownloadManager.m; sourceTree = "<group>"; };
		5CA6425F1CF2DA51000969B3 /* JYFileManager.h */ = {isa = PBXFileReference; fileEncoding = 4; lastKnownFileType = sourcecode.c.h; path = JYFileManager.h; sourceTree = "<group>"; };
		5CA642601CF2DA51000969B3 /* JYFileManager.m */ = {isa = PBXFileReference; fileEncoding = 4; lastKnownFileType = sourcecode.c.objc; path = JYFileManager.m; sourceTree = "<group>"; };
		5CA642611CF2DA51000969B3 /* JYNetWorkConfig.h */ = {isa = PBXFileReference; fileEncoding = 4; lastKnownFileType = sourcecode.c.h; path = JYNetWorkConfig.h; sourceTree = "<group>"; };
		5CA642621CF2DA51000969B3 /* JYNetWorkConfig.m */ = {isa = PBXFileReference; fileEncoding = 4; lastKnownFileType = sourcecode.c.objc; path = JYNetWorkConfig.m; sourceTree = "<group>"; };
		A40FD79B9F0A678F39365E3F /* Pods.debug.xcconfig */ = {isa = PBXFileReference; includeInIndex = 1; lastKnownFileType = text.xcconfig; name = Pods.debug.xcconfig; path = "Pods/Target Support Files/Pods/Pods.debug.xcconfig"; sourceTree = "<group>"; };
		A6E9EF1F5B5FB143B6D0D3D2 /* Pods.release.xcconfig */ = {isa = PBXFileReference; includeInIndex = 1; lastKnownFileType = text.xcconfig; name = Pods.release.xcconfig; path = "Pods/Target Support Files/Pods/Pods.release.xcconfig"; sourceTree = "<group>"; };
/* End PBXFileReference section */

/* Begin PBXFrameworksBuildPhase section */
		5C7C5ED21CF2A435007697F0 /* Frameworks */ = {
			isa = PBXFrameworksBuildPhase;
			buildActionMask = 2147483647;
			files = (
				2A1F64FC1D929115D1D62C43 /* libPods.a in Frameworks */,
			);
			runOnlyForDeploymentPostprocessing = 0;
		};
		5C7C5EEB1CF2A435007697F0 /* Frameworks */ = {
			isa = PBXFrameworksBuildPhase;
			buildActionMask = 2147483647;
			files = (
			);
			runOnlyForDeploymentPostprocessing = 0;
		};
		5C7C5EF61CF2A435007697F0 /* Frameworks */ = {
			isa = PBXFrameworksBuildPhase;
			buildActionMask = 2147483647;
			files = (
			);
			runOnlyForDeploymentPostprocessing = 0;
		};
/* End PBXFrameworksBuildPhase section */

/* Begin PBXGroup section */
		5C7C5ECC1CF2A435007697F0 = {
			isa = PBXGroup;
			children = (
				5C7C5ED71CF2A435007697F0 /* JYDownLoad */,
				5C7C5EF11CF2A435007697F0 /* JYDownLoadTests */,
				5C7C5EFC1CF2A435007697F0 /* JYDownLoadUITests */,
				5C7C5ED61CF2A435007697F0 /* Products */,
				D8B2AA70B734D678DBDA6463 /* Pods */,
				5E26751C19F5AD2BB0E92494 /* Frameworks */,
			);
			sourceTree = "<group>";
		};
		5C7C5ED61CF2A435007697F0 /* Products */ = {
			isa = PBXGroup;
			children = (
				5C7C5ED51CF2A435007697F0 /* JYDownLoad.app */,
				5C7C5EEE1CF2A435007697F0 /* JYDownLoadTests.xctest */,
				5C7C5EF91CF2A435007697F0 /* JYDownLoadUITests.xctest */,
			);
			name = Products;
			sourceTree = "<group>";
		};
		5C7C5ED71CF2A435007697F0 /* JYDownLoad */ = {
			isa = PBXGroup;
			children = (
				5CA642521CF2DA51000969B3 /* JYDownloadManager */,
				5CA642731CF2DA73000969B3 /* Demo */,
				5C7C5EDB1CF2A435007697F0 /* AppDelegate.h */,
				5C7C5EDC1CF2A435007697F0 /* AppDelegate.m */,
				5C7C5EDE1CF2A435007697F0 /* ViewController.h */,
				5C7C5EDF1CF2A435007697F0 /* ViewController.m */,
				5C7C5EE11CF2A435007697F0 /* Main.storyboard */,
				5C7C5EE41CF2A435007697F0 /* Assets.xcassets */,
				5C7C5EE61CF2A435007697F0 /* LaunchScreen.storyboard */,
				5C7C5EE91CF2A435007697F0 /* Info.plist */,
				5C7C5ED81CF2A435007697F0 /* Supporting Files */,
			);
			path = JYDownLoad;
			sourceTree = "<group>";
		};
		5C7C5ED81CF2A435007697F0 /* Supporting Files */ = {
			isa = PBXGroup;
			children = (
				5C7C5ED91CF2A435007697F0 /* main.m */,
			);
			name = "Supporting Files";
			sourceTree = "<group>";
		};
		5C7C5EF11CF2A435007697F0 /* JYDownLoadTests */ = {
			isa = PBXGroup;
			children = (
				5C7C5EF21CF2A435007697F0 /* JYDownLoadTests.m */,
				5C7C5EF41CF2A435007697F0 /* Info.plist */,
			);
			path = JYDownLoadTests;
			sourceTree = "<group>";
		};
		5C7C5EFC1CF2A435007697F0 /* JYDownLoadUITests */ = {
			isa = PBXGroup;
			children = (
				5C7C5EFD1CF2A435007697F0 /* JYDownLoadUITests.m */,
				5C7C5EFF1CF2A435007697F0 /* Info.plist */,
			);
			path = JYDownLoadUITests;
			sourceTree = "<group>";
		};
		5CA642521CF2DA51000969B3 /* JYDownloadManager */ = {
			isa = PBXGroup;
			children = (
				5CA642531CF2DA51000969B3 /* Categories */,
				5CA642561CF2DA51000969B3 /* Content */,
				5CA642591CF2DA51000969B3 /* Download */,
				5CA6425C1CF2DA51000969B3 /* Manager */,
			);
			path = JYDownloadManager;
			sourceTree = "<group>";
		};
		5CA642531CF2DA51000969B3 /* Categories */ = {
			isa = PBXGroup;
			children = (
				5CA642541CF2DA51000969B3 /* NSString+JYCategory.h */,
				5CA642551CF2DA51000969B3 /* NSString+JYCategory.m */,
			);
			path = Categories;
			sourceTree = "<group>";
		};
		5CA642561CF2DA51000969B3 /* Content */ = {
			isa = PBXGroup;
			children = (
				5CA642571CF2DA51000969B3 /* JYDownloadInfo.h */,
				5CA642581CF2DA51000969B3 /* JYDownloadInfo.m */,
			);
			path = Content;
			sourceTree = "<group>";
		};
		5CA642591CF2DA51000969B3 /* Download */ = {
			isa = PBXGroup;
			children = (
				5CA6425A1CF2DA51000969B3 /* JYDownload.h */,
				5CA6425B1CF2DA51000969B3 /* JYDownload.m */,
			);
			path = Download;
			sourceTree = "<group>";
		};
		5CA6425C1CF2DA51000969B3 /* Manager */ = {
			isa = PBXGroup;
			children = (
				5CA6425D1CF2DA51000969B3 /* JYDownloadManager.h */,
				5CA6425E1CF2DA51000969B3 /* JYDownloadManager.m */,
				5CA6425F1CF2DA51000969B3 /* JYFileManager.h */,
				5CA642601CF2DA51000969B3 /* JYFileManager.m */,
				5CA642611CF2DA51000969B3 /* JYNetWorkConfig.h */,
				5CA642621CF2DA51000969B3 /* JYNetWorkConfig.m */,
			);
			path = Manager;
			sourceTree = "<group>";
		};
		5CA642731CF2DA73000969B3 /* Demo */ = {
			isa = PBXGroup;
			children = (
				5CA642741CF2F2F2000969B3 /* Service */,
				5CA642751CF2F2F2000969B3 /* Store */,
			);
			path = Demo;
			sourceTree = "<group>";
		};
		5CA642741CF2F2F2000969B3 /* Service */ = {
			isa = PBXGroup;
			children = (
			);
			path = Service;
			sourceTree = "<group>";
		};
		5CA642751CF2F2F2000969B3 /* Store */ = {
			isa = PBXGroup;
			children = (
			);
			path = Store;
			sourceTree = "<group>";
		};
		5E26751C19F5AD2BB0E92494 /* Frameworks */ = {
			isa = PBXGroup;
			children = (
				33A0A230CA7E09176122CFA4 /* libPods.a */,
			);
			name = Frameworks;
			sourceTree = "<group>";
		};
		D8B2AA70B734D678DBDA6463 /* Pods */ = {
			isa = PBXGroup;
			children = (
				A40FD79B9F0A678F39365E3F /* Pods.debug.xcconfig */,
				A6E9EF1F5B5FB143B6D0D3D2 /* Pods.release.xcconfig */,
			);
			name = Pods;
			sourceTree = "<group>";
		};
/* End PBXGroup section */

/* Begin PBXNativeTarget section */
		5C7C5ED41CF2A435007697F0 /* JYDownLoad */ = {
			isa = PBXNativeTarget;
			buildConfigurationList = 5C7C5F021CF2A435007697F0 /* Build configuration list for PBXNativeTarget "JYDownLoad" */;
			buildPhases = (
				FD075C0D9015D6F05661BD9F /* Check Pods Manifest.lock */,
				5C7C5ED11CF2A435007697F0 /* Sources */,
				5C7C5ED21CF2A435007697F0 /* Frameworks */,
				5C7C5ED31CF2A435007697F0 /* Resources */,
				3EE1CA9B8AB035A61AB6A4FD /* Embed Pods Frameworks */,
				2AD1B6E09F420D49D672B445 /* Copy Pods Resources */,
			);
			buildRules = (
			);
			dependencies = (
			);
			name = JYDownLoad;
			productName = JYDownLoad;
			productReference = 5C7C5ED51CF2A435007697F0 /* JYDownLoad.app */;
			productType = "com.apple.product-type.application";
		};
		5C7C5EED1CF2A435007697F0 /* JYDownLoadTests */ = {
			isa = PBXNativeTarget;
			buildConfigurationList = 5C7C5F051CF2A435007697F0 /* Build configuration list for PBXNativeTarget "JYDownLoadTests" */;
			buildPhases = (
				5C7C5EEA1CF2A435007697F0 /* Sources */,
				5C7C5EEB1CF2A435007697F0 /* Frameworks */,
				5C7C5EEC1CF2A435007697F0 /* Resources */,
			);
			buildRules = (
			);
			dependencies = (
				5C7C5EF01CF2A435007697F0 /* PBXTargetDependency */,
			);
			name = JYDownLoadTests;
			productName = JYDownLoadTests;
			productReference = 5C7C5EEE1CF2A435007697F0 /* JYDownLoadTests.xctest */;
			productType = "com.apple.product-type.bundle.unit-test";
		};
		5C7C5EF81CF2A435007697F0 /* JYDownLoadUITests */ = {
			isa = PBXNativeTarget;
			buildConfigurationList = 5C7C5F081CF2A435007697F0 /* Build configuration list for PBXNativeTarget "JYDownLoadUITests" */;
			buildPhases = (
				5C7C5EF51CF2A435007697F0 /* Sources */,
				5C7C5EF61CF2A435007697F0 /* Frameworks */,
				5C7C5EF71CF2A435007697F0 /* Resources */,
			);
			buildRules = (
			);
			dependencies = (
				5C7C5EFB1CF2A435007697F0 /* PBXTargetDependency */,
			);
			name = JYDownLoadUITests;
			productName = JYDownLoadUITests;
			productReference = 5C7C5EF91CF2A435007697F0 /* JYDownLoadUITests.xctest */;
			productType = "com.apple.product-type.bundle.ui-testing";
		};
/* End PBXNativeTarget section */

/* Begin PBXProject section */
		5C7C5ECD1CF2A435007697F0 /* Project object */ = {
			isa = PBXProject;
			attributes = {
				LastUpgradeCheck = 0730;
				ORGANIZATIONNAME = weijingyun;
				TargetAttributes = {
					5C7C5ED41CF2A435007697F0 = {
						CreatedOnToolsVersion = 7.3;
					};
					5C7C5EED1CF2A435007697F0 = {
						CreatedOnToolsVersion = 7.3;
						TestTargetID = 5C7C5ED41CF2A435007697F0;
					};
					5C7C5EF81CF2A435007697F0 = {
						CreatedOnToolsVersion = 7.3;
						TestTargetID = 5C7C5ED41CF2A435007697F0;
					};
				};
			};
			buildConfigurationList = 5C7C5ED01CF2A435007697F0 /* Build configuration list for PBXProject "JYDownLoad" */;
			compatibilityVersion = "Xcode 3.2";
			developmentRegion = English;
			hasScannedForEncodings = 0;
			knownRegions = (
				en,
				Base,
			);
			mainGroup = 5C7C5ECC1CF2A435007697F0;
			productRefGroup = 5C7C5ED61CF2A435007697F0 /* Products */;
			projectDirPath = "";
			projectRoot = "";
			targets = (
				5C7C5ED41CF2A435007697F0 /* JYDownLoad */,
				5C7C5EED1CF2A435007697F0 /* JYDownLoadTests */,
				5C7C5EF81CF2A435007697F0 /* JYDownLoadUITests */,
			);
		};
/* End PBXProject section */

/* Begin PBXResourcesBuildPhase section */
		5C7C5ED31CF2A435007697F0 /* Resources */ = {
			isa = PBXResourcesBuildPhase;
			buildActionMask = 2147483647;
			files = (
				5C7C5EE81CF2A435007697F0 /* LaunchScreen.storyboard in Resources */,
				5C7C5EE51CF2A435007697F0 /* Assets.xcassets in Resources */,
				5C7C5EE31CF2A435007697F0 /* Main.storyboard in Resources */,
			);
			runOnlyForDeploymentPostprocessing = 0;
		};
		5C7C5EEC1CF2A435007697F0 /* Resources */ = {
			isa = PBXResourcesBuildPhase;
			buildActionMask = 2147483647;
			files = (
			);
			runOnlyForDeploymentPostprocessing = 0;
		};
		5C7C5EF71CF2A435007697F0 /* Resources */ = {
			isa = PBXResourcesBuildPhase;
			buildActionMask = 2147483647;
			files = (
			);
			runOnlyForDeploymentPostprocessing = 0;
		};
/* End PBXResourcesBuildPhase section */

/* Begin PBXShellScriptBuildPhase section */
		2AD1B6E09F420D49D672B445 /* Copy Pods Resources */ = {
			isa = PBXShellScriptBuildPhase;
			buildActionMask = 2147483647;
			files = (
			);
			inputPaths = (
			);
			name = "Copy Pods Resources";
			outputPaths = (
			);
			runOnlyForDeploymentPostprocessing = 0;
			shellPath = /bin/sh;
			shellScript = "\"${SRCROOT}/Pods/Target Support Files/Pods/Pods-resources.sh\"\n";
			showEnvVarsInLog = 0;
		};
		3EE1CA9B8AB035A61AB6A4FD /* Embed Pods Frameworks */ = {
			isa = PBXShellScriptBuildPhase;
			buildActionMask = 2147483647;
			files = (
			);
			inputPaths = (
			);
			name = "Embed Pods Frameworks";
			outputPaths = (
			);
			runOnlyForDeploymentPostprocessing = 0;
			shellPath = /bin/sh;
			shellScript = "\"${SRCROOT}/Pods/Target Support Files/Pods/Pods-frameworks.sh\"\n";
			showEnvVarsInLog = 0;
		};
		FD075C0D9015D6F05661BD9F /* Check Pods Manifest.lock */ = {
			isa = PBXShellScriptBuildPhase;
			buildActionMask = 2147483647;
			files = (
			);
			inputPaths = (
			);
			name = "Check Pods Manifest.lock";
			outputPaths = (
			);
			runOnlyForDeploymentPostprocessing = 0;
			shellPath = /bin/sh;
			shellScript = "diff \"${PODS_ROOT}/../Podfile.lock\" \"${PODS_ROOT}/Manifest.lock\" > /dev/null\nif [[ $? != 0 ]] ; then\n    cat << EOM\nerror: The sandbox is not in sync with the Podfile.lock. Run 'pod install' or update your CocoaPods installation.\nEOM\n    exit 1\nfi\n";
			showEnvVarsInLog = 0;
		};
/* End PBXShellScriptBuildPhase section */

/* Begin PBXSourcesBuildPhase section */
		5C7C5ED11CF2A435007697F0 /* Sources */ = {
			isa = PBXSourcesBuildPhase;
			buildActionMask = 2147483647;
			files = (
				5CA6426E1CF2DA51000969B3 /* JYFileManager.m in Sources */,
				5CA6426C1CF2DA51000969B3 /* JYDownload.m in Sources */,
				5CA6426B1CF2DA51000969B3 /* JYDownloadInfo.m in Sources */,
				5CA6426A1CF2DA51000969B3 /* NSString+JYCategory.m in Sources */,
				5C7C5EE01CF2A435007697F0 /* ViewController.m in Sources */,
				5CA6426F1CF2DA51000969B3 /* JYNetWorkConfig.m in Sources */,
				5CA6426D1CF2DA51000969B3 /* JYDownloadManager.m in Sources */,
				5C7C5EDD1CF2A435007697F0 /* AppDelegate.m in Sources */,
				5C7C5EDA1CF2A435007697F0 /* main.m in Sources */,
			);
			runOnlyForDeploymentPostprocessing = 0;
		};
		5C7C5EEA1CF2A435007697F0 /* Sources */ = {
			isa = PBXSourcesBuildPhase;
			buildActionMask = 2147483647;
			files = (
				5C7C5EF31CF2A435007697F0 /* JYDownLoadTests.m in Sources */,
			);
			runOnlyForDeploymentPostprocessing = 0;
		};
		5C7C5EF51CF2A435007697F0 /* Sources */ = {
			isa = PBXSourcesBuildPhase;
			buildActionMask = 2147483647;
			files = (
				5C7C5EFE1CF2A435007697F0 /* JYDownLoadUITests.m in Sources */,
			);
			runOnlyForDeploymentPostprocessing = 0;
		};
/* End PBXSourcesBuildPhase section */

/* Begin PBXTargetDependency section */
		5C7C5EF01CF2A435007697F0 /* PBXTargetDependency */ = {
			isa = PBXTargetDependency;
			target = 5C7C5ED41CF2A435007697F0 /* JYDownLoad */;
			targetProxy = 5C7C5EEF1CF2A435007697F0 /* PBXContainerItemProxy */;
		};
		5C7C5EFB1CF2A435007697F0 /* PBXTargetDependency */ = {
			isa = PBXTargetDependency;
			target = 5C7C5ED41CF2A435007697F0 /* JYDownLoad */;
			targetProxy = 5C7C5EFA1CF2A435007697F0 /* PBXContainerItemProxy */;
		};
/* End PBXTargetDependency section */

/* Begin PBXVariantGroup section */
		5C7C5EE11CF2A435007697F0 /* Main.storyboard */ = {
			isa = PBXVariantGroup;
			children = (
				5C7C5EE21CF2A435007697F0 /* Base */,
			);
			name = Main.storyboard;
			sourceTree = "<group>";
		};
		5C7C5EE61CF2A435007697F0 /* LaunchScreen.storyboard */ = {
			isa = PBXVariantGroup;
			children = (
				5C7C5EE71CF2A435007697F0 /* Base */,
			);
			name = LaunchScreen.storyboard;
			sourceTree = "<group>";
		};
/* End PBXVariantGroup section */

/* Begin XCBuildConfiguration section */
		5C7C5F001CF2A435007697F0 /* Debug */ = {
			isa = XCBuildConfiguration;
			buildSettings = {
				ALWAYS_SEARCH_USER_PATHS = NO;
				CLANG_ANALYZER_NONNULL = YES;
				CLANG_CXX_LANGUAGE_STANDARD = "gnu++0x";
				CLANG_CXX_LIBRARY = "libc++";
				CLANG_ENABLE_MODULES = YES;
				CLANG_ENABLE_OBJC_ARC = YES;
				CLANG_WARN_BOOL_CONVERSION = YES;
				CLANG_WARN_CONSTANT_CONVERSION = YES;
				CLANG_WARN_DIRECT_OBJC_ISA_USAGE = YES_ERROR;
				CLANG_WARN_EMPTY_BODY = YES;
				CLANG_WARN_ENUM_CONVERSION = YES;
				CLANG_WARN_INT_CONVERSION = YES;
				CLANG_WARN_OBJC_ROOT_CLASS = YES_ERROR;
				CLANG_WARN_UNREACHABLE_CODE = YES;
				CLANG_WARN__DUPLICATE_METHOD_MATCH = YES;
				"CODE_SIGN_IDENTITY[sdk=iphoneos*]" = "iPhone Developer";
				COPY_PHASE_STRIP = NO;
				DEBUG_INFORMATION_FORMAT = dwarf;
				ENABLE_STRICT_OBJC_MSGSEND = YES;
				ENABLE_TESTABILITY = YES;
				GCC_C_LANGUAGE_STANDARD = gnu99;
				GCC_DYNAMIC_NO_PIC = NO;
				GCC_NO_COMMON_BLOCKS = YES;
				GCC_OPTIMIZATION_LEVEL = 0;
				GCC_PREPROCESSOR_DEFINITIONS = (
					"DEBUG=1",
					"$(inherited)",
				);
				GCC_WARN_64_TO_32_BIT_CONVERSION = YES;
				GCC_WARN_ABOUT_RETURN_TYPE = YES_ERROR;
				GCC_WARN_UNDECLARED_SELECTOR = YES;
				GCC_WARN_UNINITIALIZED_AUTOS = YES_AGGRESSIVE;
				GCC_WARN_UNUSED_FUNCTION = YES;
				GCC_WARN_UNUSED_VARIABLE = YES;
				IPHONEOS_DEPLOYMENT_TARGET = 7.0;
				MTL_ENABLE_DEBUG_INFO = YES;
				ONLY_ACTIVE_ARCH = YES;
				SDKROOT = iphoneos;
				TARGETED_DEVICE_FAMILY = "1,2";
			};
			name = Debug;
		};
		5C7C5F011CF2A435007697F0 /* Release */ = {
			isa = XCBuildConfiguration;
			buildSettings = {
				ALWAYS_SEARCH_USER_PATHS = NO;
				CLANG_ANALYZER_NONNULL = YES;
				CLANG_CXX_LANGUAGE_STANDARD = "gnu++0x";
				CLANG_CXX_LIBRARY = "libc++";
				CLANG_ENABLE_MODULES = YES;
				CLANG_ENABLE_OBJC_ARC = YES;
				CLANG_WARN_BOOL_CONVERSION = YES;
				CLANG_WARN_CONSTANT_CONVERSION = YES;
				CLANG_WARN_DIRECT_OBJC_ISA_USAGE = YES_ERROR;
				CLANG_WARN_EMPTY_BODY = YES;
				CLANG_WARN_ENUM_CONVERSION = YES;
				CLANG_WARN_INT_CONVERSION = YES;
				CLANG_WARN_OBJC_ROOT_CLASS = YES_ERROR;
				CLANG_WARN_UNREACHABLE_CODE = YES;
				CLANG_WARN__DUPLICATE_METHOD_MATCH = YES;
				"CODE_SIGN_IDENTITY[sdk=iphoneos*]" = "iPhone Developer";
				COPY_PHASE_STRIP = NO;
				DEBUG_INFORMATION_FORMAT = "dwarf-with-dsym";
				ENABLE_NS_ASSERTIONS = NO;
				ENABLE_STRICT_OBJC_MSGSEND = YES;
				GCC_C_LANGUAGE_STANDARD = gnu99;
				GCC_NO_COMMON_BLOCKS = YES;
				GCC_WARN_64_TO_32_BIT_CONVERSION = YES;
				GCC_WARN_ABOUT_RETURN_TYPE = YES_ERROR;
				GCC_WARN_UNDECLARED_SELECTOR = YES;
				GCC_WARN_UNINITIALIZED_AUTOS = YES_AGGRESSIVE;
				GCC_WARN_UNUSED_FUNCTION = YES;
				GCC_WARN_UNUSED_VARIABLE = YES;
				IPHONEOS_DEPLOYMENT_TARGET = 7.0;
				MTL_ENABLE_DEBUG_INFO = NO;
				SDKROOT = iphoneos;
				TARGETED_DEVICE_FAMILY = "1,2";
				VALIDATE_PRODUCT = YES;
			};
			name = Release;
		};
		5C7C5F031CF2A435007697F0 /* Debug */ = {
			isa = XCBuildConfiguration;
			baseConfigurationReference = A40FD79B9F0A678F39365E3F /* Pods.debug.xcconfig */;
			buildSettings = {
				ASSETCATALOG_COMPILER_APPICON_NAME = AppIcon;
				INFOPLIST_FILE = JYDownLoad/Info.plist;
				IPHONEOS_DEPLOYMENT_TARGET = 7.0;
				LD_RUNPATH_SEARCH_PATHS = "$(inherited) @executable_path/Frameworks";
				PRODUCT_BUNDLE_IDENTIFIER = yunyunxiao.JYDownLoad;
				PRODUCT_NAME = "$(TARGET_NAME)";
			};
			name = Debug;
		};
		5C7C5F041CF2A435007697F0 /* Release */ = {
			isa = XCBuildConfiguration;
			baseConfigurationReference = A6E9EF1F5B5FB143B6D0D3D2 /* Pods.release.xcconfig */;
			buildSettings = {
				ASSETCATALOG_COMPILER_APPICON_NAME = AppIcon;
				INFOPLIST_FILE = JYDownLoad/Info.plist;
				IPHONEOS_DEPLOYMENT_TARGET = 7.0;
				LD_RUNPATH_SEARCH_PATHS = "$(inherited) @executable_path/Frameworks";
				PRODUCT_BUNDLE_IDENTIFIER = yunyunxiao.JYDownLoad;
				PRODUCT_NAME = "$(TARGET_NAME)";
			};
			name = Release;
		};
		5C7C5F061CF2A435007697F0 /* Debug */ = {
			isa = XCBuildConfiguration;
			buildSettings = {
				BUNDLE_LOADER = "$(TEST_HOST)";
				INFOPLIST_FILE = JYDownLoadTests/Info.plist;
				LD_RUNPATH_SEARCH_PATHS = "$(inherited) @executable_path/Frameworks @loader_path/Frameworks";
				PRODUCT_BUNDLE_IDENTIFIER = yunyunxiao.JYDownLoadTests;
				PRODUCT_NAME = "$(TARGET_NAME)";
				TEST_HOST = "$(BUILT_PRODUCTS_DIR)/JYDownLoad.app/JYDownLoad";
			};
			name = Debug;
		};
		5C7C5F071CF2A435007697F0 /* Release */ = {
			isa = XCBuildConfiguration;
			buildSettings = {
				BUNDLE_LOADER = "$(TEST_HOST)";
				INFOPLIST_FILE = JYDownLoadTests/Info.plist;
				LD_RUNPATH_SEARCH_PATHS = "$(inherited) @executable_path/Frameworks @loader_path/Frameworks";
				PRODUCT_BUNDLE_IDENTIFIER = yunyunxiao.JYDownLoadTests;
				PRODUCT_NAME = "$(TARGET_NAME)";
				TEST_HOST = "$(BUILT_PRODUCTS_DIR)/JYDownLoad.app/JYDownLoad";
			};
			name = Release;
		};
		5C7C5F091CF2A435007697F0 /* Debug */ = {
			isa = XCBuildConfiguration;
			buildSettings = {
				INFOPLIST_FILE = JYDownLoadUITests/Info.plist;
				LD_RUNPATH_SEARCH_PATHS = "$(inherited) @executable_path/Frameworks @loader_path/Frameworks";
				PRODUCT_BUNDLE_IDENTIFIER = yunyunxiao.JYDownLoadUITests;
				PRODUCT_NAME = "$(TARGET_NAME)";
				TEST_TARGET_NAME = JYDownLoad;
			};
			name = Debug;
		};
		5C7C5F0A1CF2A435007697F0 /* Release */ = {
			isa = XCBuildConfiguration;
			buildSettings = {
				INFOPLIST_FILE = JYDownLoadUITests/Info.plist;
				LD_RUNPATH_SEARCH_PATHS = "$(inherited) @executable_path/Frameworks @loader_path/Frameworks";
				PRODUCT_BUNDLE_IDENTIFIER = yunyunxiao.JYDownLoadUITests;
				PRODUCT_NAME = "$(TARGET_NAME)";
				TEST_TARGET_NAME = JYDownLoad;
			};
			name = Release;
		};
/* End XCBuildConfiguration section */

/* Begin XCConfigurationList section */
		5C7C5ED01CF2A435007697F0 /* Build configuration list for PBXProject "JYDownLoad" */ = {
			isa = XCConfigurationList;
			buildConfigurations = (
				5C7C5F001CF2A435007697F0 /* Debug */,
				5C7C5F011CF2A435007697F0 /* Release */,
			);
			defaultConfigurationIsVisible = 0;
			defaultConfigurationName = Release;
		};
		5C7C5F021CF2A435007697F0 /* Build configuration list for PBXNativeTarget "JYDownLoad" */ = {
			isa = XCConfigurationList;
			buildConfigurations = (
				5C7C5F031CF2A435007697F0 /* Debug */,
				5C7C5F041CF2A435007697F0 /* Release */,
			);
			defaultConfigurationIsVisible = 0;
			defaultConfigurationName = Release;
		};
		5C7C5F051CF2A435007697F0 /* Build configuration list for PBXNativeTarget "JYDownLoadTests" */ = {
			isa = XCConfigurationList;
			buildConfigurations = (
				5C7C5F061CF2A435007697F0 /* Debug */,
				5C7C5F071CF2A435007697F0 /* Release */,
			);
			defaultConfigurationIsVisible = 0;
			defaultConfigurationName = Release;
		};
		5C7C5F081CF2A435007697F0 /* Build configuration list for PBXNativeTarget "JYDownLoadUITests" */ = {
			isa = XCConfigurationList;
			buildConfigurations = (
				5C7C5F091CF2A435007697F0 /* Debug */,
				5C7C5F0A1CF2A435007697F0 /* Release */,
			);
			defaultConfigurationIsVisible = 0;
			defaultConfigurationName = Release;
		};
/* End XCConfigurationList section */
	};
	rootObject = 5C7C5ECD1CF2A435007697F0 /* Project object */;
}
